lockfileVersion: '9.0'

settings:
  autoInstallPeers: true
  excludeLinksFromLockfile: false

importers:

  .:
    dependencies:
      '@fortawesome/fontawesome-free':
        specifier: ^7.1.0
        version: 7.1.0
      bootstrap:
        specifier: ^5.3.8
        version: 5.3.8(@popperjs/core@2.11.8)
    devDependencies:
      prettier-plugin-go-template:
        specifier: ^0.0.15
        version: 0.0.15(prettier@3.6.2)

packages:

  '@fortawesome/fontawesome-free@7.1.0':
    resolution: {integrity: sha512-+WxNld5ZCJHvPQCr/GnzCTVREyStrAJjisUPtUxG5ngDA8TMlPnKp6dddlTpai4+1GNmltAeuk1hJEkBohwZYA==}
    engines: {node: '>=6'}

  '@popperjs/core@2.11.8':
    resolution: {integrity: sha512-P1st0aksCrn9sGZhp8GMYwBnQsbvAWsZAX44oXNNvLHGqAOcoVxmjZiohstwQ7SqKnbR47akdNi+uleWD8+g6A==}

  bootstrap@5.3.8:
    resolution: {integrity: sha512-HP1SZDqaLDPwsNiqRqi5NcP0SSXciX2s9E+RyqJIIqGo+vJeN5AJVM98CXmW/Wux0nQ5L7jeWUdplCEf0Ee+tg==}
    peerDependencies:
      '@popperjs/core': ^2.11.8

  prettier-plugin-go-template@0.0.15:
    resolution: {integrity: sha512-WqU92E1NokWYNZ9mLE6ijoRg6LtIGdLMePt2C7UBDjXeDH9okcRI3zRqtnWR4s5AloiqyvZ66jNBAa9tmRY5EQ==}
    engines: {node: '>=14.0.0'}
    peerDependencies:
      prettier: ^3.0.0

  prettier@3.6.2:
    resolution: {integrity: sha512-I7AIg5boAr5R0FFtJ6rCfD+LFsWHp81dolrFD8S79U9tb8Az2nGrJncnMSnys+bpQJfRUzqs9hnA81OAA3hCuQ==}
    engines: {node: '>=14'}
    hasBin: true

  ulid@2.4.0:
    resolution: {integrity: sha512-fIRiVTJNcSRmXKPZtGzFQv9WRrZ3M9eoptl/teFJvjOzmpU+/K/JH6HZ8deBfb5vMEpicJcLn7JmvdknlMq7Zg==}
    hasBin: true

snapshots:

  '@fortawesome/fontawesome-free@7.1.0': {}

  '@popperjs/core@2.11.8': {}

  bootstrap@5.3.8(@popperjs/core@2.11.8):
    dependencies:
      '@popperjs/core': 2.11.8

  prettier-plugin-go-template@0.0.15(prettier@3.6.2):
    dependencies:
      prettier: 3.6.2
      ulid: 2.4.0

  prettier@3.6.2: {}

  ulid@2.4.0: {}
